c9f5aeeca3ad37bf2aa006139b935f0a http://cdnjs.cloudflare.com/ajax/libs/jquery/3.2.1/jquery.min.js js/jquery.min.js
193896336e71dd2e6067cdb8b269ddab http://cdnjs.cloudflare.com/ajax/libs/jquery/3.2.1/jquery.min.map js/jquery.min.map
4b525e49c674b8129a1277f3151f7646 https://raw.githubusercontent.com/twitter/typeahead.js/v0.11.1/dist/typeahead.jquery.min.js js/typeahead.min.js
0ea40a4cb2873a89cbe597eaea860826 https://www.google-analytics.com/analytics.js js/analytics.js
